
Microsoft Visual Studio Solution File, Format Version 12.00
# Visual Studio Version 16
VisualStudioVersion = 16.0.30114.105
MinimumVisualStudioVersion = 10.0.40219.1
Project("{FAE04EC0-301F-11D3-BF4B-00C04F79EFBC}") = "FileExplorer", "FileExplorer\FileExplorer.csproj", "{EAEB3895-362A-43F3-BF39-DAF8723002C3}"
EndProject
Global
	GlobalSection(SolutionConfigurationPlatforms) = preSolution
		Debug|Any CPU = Debug|Any CPU
		Release|Any CPU = Release|Any CPU
	EndGlobalSection
	GlobalSection(ProjectConfigurationPlatforms) = postSolution
		{EAEB3895-362A-43F3-BF39-DAF8723002C3}.Debug|Any CPU.ActiveCfg = Debug|Any CPU
		{EAEB3895-362A-43F3-BF39-DAF8723002C3}.Debug|Any CPU.Build.0 = Debug|Any CPU
		{EAEB3895-362A-43F3-BF39-DAF8723002C3}.Release|Any CPU.ActiveCfg = Release|Any CPU
		{EAEB3895-362A-43F3-BF39-DAF8723002C3}.Release|Any CPU.Build.0 = Release|Any CPU
	EndGlobalSection
	GlobalSection(SolutionProperties) = preSolution
		HideSolutionNode = FALSE
	EndGlobalSection
	GlobalSection(ExtensibilityGlobals) = postSolution
		SolutionGuid = {F727454F-7373-4B47-A292-13473CA42A10}
	EndGlobalSection
EndGlobal
